<?xml version="1.0" encoding="utf-8"?>
<Project ToolsVersion="4.0" xmlns="http://schemas.microsoft.com/developer/msbuild/2003">
  <ItemGroup>
    <Filter Include="Source Files">
      <UniqueIdentifier>{4FC737F1-C7A5-4376-A066-2A32D752A2FF}</UniqueIdentifier>
      <Extensions>cpp;c;cc;cxx;def;odl;idl;hpj;bat;asm;asmx</Extensions>
    </Filter>
    <Filter Include="Header Files">
      <UniqueIdentifier>{93995380-89BD-4b04-88EB-625FBE52EBFB}</UniqueIdentifier>
      <Extensions>h;hh;hpp;hxx;hm;inl;inc;xsd</Extensions>
    </Filter>
    <Filter Include="Resource Files">
      <UniqueIdentifier>{67DA6AB6-F800-4c08-8B7A-83BB121AAD01}</UniqueIdentifier>
      <Extensions>rc;ico;cur;bmp;dlg;rc2;rct;bin;rgs;gif;jpg;jpeg;jpe;resx;tiff;tif;png;wav;mfcribbon-ms</Extensions>
    </Filter>
  </ItemGroup>
  <ItemGroup>
    <ClInclude Include="math.hpp">
      <Filter>Header Files</Filter>
    </ClInclude>
    <ClInclude Include="math\abs.hpp">
      <Filter>Header Files</Filter>
    </ClInclude>
    <ClInclude Include="math\arraysum.hpp">
      <Filter>Header Files</Filter>
    </ClInclude>
    <ClInclude Include="math\hmi.hpp">
      <Filter>Header Files</Filter>
    </ClInclude>
    <ClInclude Include="math\minmax.hpp">
      <Filter>Header Files</Filter>
    </ClInclude>
    <ClInclude Include="math\search.hpp">
      <Filter>Header Files</Filter>
    </ClInclude>
    <ClInclude Include="math\binsearch.hpp">
      <Filter>Header Files</Filter>
    </ClInclude>
    <ClInclude Include="math\digitsum.hpp">
      <Filter>Header Files</Filter>
    </ClInclude>
    <ClInclude Include="math\arithmeticaverage.hpp">
      <Filter>Header Files</Filter>
    </ClInclude>
    <ClInclude Include="strings\up_lower_case_string.hpp">
      <Filter>Header Files</Filter>
    </ClInclude>
    <ClInclude Include="string.hpp">
      <Filter>Header Files</Filter>
    </ClInclude>
    <ClInclude Include="sorting\bubblesort.hpp">
      <Filter>Header Files</Filter>
    </ClInclude>
    <ClInclude Include="sorting\insertionsort.hpp">
      <Filter>Header Files</Filter>
    </ClInclude>
    <ClInclude Include="sorting\selectionsort.hpp">
      <Filter>Header Files</Filter>
    </ClInclude>
    <ClInclude Include="sort.hpp">
      <Filter>Header Files</Filter>
    </ClInclude>
    <ClInclude Include="math\arithmetic\factorial.hpp">
      <Filter>Header Files</Filter>
    </ClInclude>
    <ClInclude Include="math\arithmetic\fibb.hpp">
      <Filter>Header Files</Filter>
    </ClInclude>
  </ItemGroup>
</Project>